{
  "version": 4,
  "terraform_version": "1.5.6",
  "serial": 7,
  "lineage": "8bec9eec-6ea8-ec24-85bb-6204e0045bc9",
  "outputs": {},
  "resources": [
    {
      "mode": "data",
      "type": "azurerm_client_config",
      "name": "current",
      "provider": "provider[\"registry.terraform.io/hashicorp/azurerm\"]",
      "instances": [
        {
          "schema_version": 0,
          "attributes": {
            "client_id": "04b07795-8ddb-461a-bbee-02f9e1bf7b46",
            "id": "Y2xpZW50Q29uZmlncy9jbGllbnRJZD0wNGIwNzc5NS04ZGRiLTQ2MWEtYmJlZS0wMmY5ZTFiZjdiNDY7b2JqZWN0SWQ9MmE0MjI3YTEtZjEwZS00MTBhLTk2YzAtYWY1NjMwNzkzYTQwO3N1YnNjcmlwdGlvbklkPWVmYzFlN2IxLTU3MjktNGVlYS1iMzNlLTEyY2M2YjFjMDE4Mzt0ZW5hbnRJZD0wMmZlYWJiOS00NDRlLTRmNjYtOWMxMy02YThmMDRiNzVjMmY=",
            "object_id": "2a4227a1-f10e-410a-96c0-af5630793a40",
            "subscription_id": "efc1e7b1-5729-4eea-b33e-12cc6b1c0183",
            "tenant_id": "02feabb9-444e-4f66-9c13-6a8f04b75c2f",
            "timeouts": null
          },
          "sensitive_attributes": []
        }
      ]
    },
    {
      "mode": "managed",
      "type": "azurerm_key_vault",
      "name": "kv_backend",
      "provider": "provider[\"registry.terraform.io/hashicorp/azurerm\"]",
      "instances": [
        {
          "schema_version": 2,
          "attributes": {
            "access_policy": [
              {
                "application_id": "",
                "certificate_permissions": null,
                "key_permissions": [
                  "Get",
                  "List",
                  "Create"
                ],
                "object_id": "2a4227a1-f10e-410a-96c0-af5630793a40",
                "secret_permissions": [
                  "Get",
                  "Set",
                  "List"
                ],
                "storage_permissions": [
                  "Get",
                  "Set",
                  "List"
                ],
                "tenant_id": "02feabb9-444e-4f66-9c13-6a8f04b75c2f"
              }
            ],
            "contact": [],
            "enable_rbac_authorization": false,
            "enabled_for_deployment": false,
            "enabled_for_disk_encryption": true,
            "enabled_for_template_deployment": false,
            "id": "/subscriptions/efc1e7b1-5729-4eea-b33e-12cc6b1c0183/resourceGroups/rg-backend-tfstate-lst/providers/Microsoft.KeyVault/vaults/kvbe6b6dz7v15y",
            "location": "westeurope",
            "name": "kvbe6b6dz7v15y",
            "network_acls": [
              {
                "bypass": "AzureServices",
                "default_action": "Allow",
                "ip_rules": [],
                "virtual_network_subnet_ids": []
              }
            ],
            "public_network_access_enabled": true,
            "purge_protection_enabled": false,
            "resource_group_name": "rg-backend-tfstate-lst",
            "sku_name": "standard",
            "soft_delete_retention_days": 7,
            "tags": null,
            "tenant_id": "02feabb9-444e-4f66-9c13-6a8f04b75c2f",
            "timeouts": null,
            "vault_uri": "https://kvbe6b6dz7v15y.vault.azure.net/"
          },
          "sensitive_attributes": [],
          "private": "eyJlMmJmYjczMC1lY2FhLTExZTYtOGY4OC0zNDM2M2JjN2M0YzAiOnsiY3JlYXRlIjoxODAwMDAwMDAwMDAwLCJkZWxldGUiOjE4MDAwMDAwMDAwMDAsInJlYWQiOjMwMDAwMDAwMDAwMCwidXBkYXRlIjoxODAwMDAwMDAwMDAwfSwic2NoZW1hX3ZlcnNpb24iOiIyIn0=",
          "dependencies": [
            "azurerm_resource_group.rg_backend",
            "data.azurerm_client_config.current",
            "random_string.random_string"
          ]
        }
      ]
    },
    {
      "mode": "managed",
      "type": "azurerm_key_vault_secret",
      "name": "sa_backend_accesskey",
      "provider": "provider[\"registry.terraform.io/hashicorp/azurerm\"]",
      "instances": [
        {
          "schema_version": 0,
          "attributes": {
            "content_type": "",
            "expiration_date": null,
            "id": "https://kvbe6b6dz7v15y.vault.azure.net/secrets/sa-backend-acceskey-lst/391b4f0da4b047fc93506d418b3db23b",
            "key_vault_id": "/subscriptions/efc1e7b1-5729-4eea-b33e-12cc6b1c0183/resourceGroups/rg-backend-tfstate-lst/providers/Microsoft.KeyVault/vaults/kvbe6b6dz7v15y",
            "name": "sa-backend-acceskey-lst",
            "not_before_date": null,
            "resource_id": "/subscriptions/efc1e7b1-5729-4eea-b33e-12cc6b1c0183/resourceGroups/rg-backend-tfstate-lst/providers/Microsoft.KeyVault/vaults/kvbe6b6dz7v15y/secrets/sa-backend-acceskey-lst/versions/391b4f0da4b047fc93506d418b3db23b",
            "resource_versionless_id": "/subscriptions/efc1e7b1-5729-4eea-b33e-12cc6b1c0183/resourceGroups/rg-backend-tfstate-lst/providers/Microsoft.KeyVault/vaults/kvbe6b6dz7v15y/secrets/sa-backend-acceskey-lst",
            "tags": null,
            "timeouts": null,
            "value": "mAOQUUvcIerfHRqv2a66IuRi67xd+Ax34QREiZyUbq2ZTuf44jAsCfCk/08/u59sw+WPPDf5gDhb+AStbJMWpA==",
            "version": "391b4f0da4b047fc93506d418b3db23b",
            "versionless_id": "https://kvbe6b6dz7v15y.vault.azure.net/secrets/sa-backend-acceskey-lst"
          },
          "sensitive_attributes": [
            [
              {
                "type": "get_attr",
                "value": "value"
              }
            ]
          ],
          "private": "eyJlMmJmYjczMC1lY2FhLTExZTYtOGY4OC0zNDM2M2JjN2M0YzAiOnsiY3JlYXRlIjoxODAwMDAwMDAwMDAwLCJkZWxldGUiOjE4MDAwMDAwMDAwMDAsInJlYWQiOjE4MDAwMDAwMDAwMDAsInVwZGF0ZSI6MTgwMDAwMDAwMDAwMH19",
          "dependencies": [
            "azurerm_key_vault.kv_backend",
            "azurerm_resource_group.rg_backend",
            "azurerm_storage_account.sa_backend",
            "data.azurerm_client_config.current",
            "random_string.random_string"
          ]
        }
      ]
    },
    {
      "mode": "managed",
      "type": "azurerm_resource_group",
      "name": "rg_backend",
      "provider": "provider[\"registry.terraform.io/hashicorp/azurerm\"]",
      "instances": [
        {
          "schema_version": 0,
          "attributes": {
            "id": "/subscriptions/efc1e7b1-5729-4eea-b33e-12cc6b1c0183/resourceGroups/rg-backend-tfstate-lst",
            "location": "westeurope",
            "managed_by": "",
            "name": "rg-backend-tfstate-lst",
            "tags": null,
            "timeouts": null
          },
          "sensitive_attributes": [],
          "private": "eyJlMmJmYjczMC1lY2FhLTExZTYtOGY4OC0zNDM2M2JjN2M0YzAiOnsiY3JlYXRlIjo1NDAwMDAwMDAwMDAwLCJkZWxldGUiOjU0MDAwMDAwMDAwMDAsInJlYWQiOjMwMDAwMDAwMDAwMCwidXBkYXRlIjo1NDAwMDAwMDAwMDAwfX0="
        }
      ]
    },
    {
      "mode": "managed",
      "type": "azurerm_storage_account",
      "name": "sa_backend",
      "provider": "provider[\"registry.terraform.io/hashicorp/azurerm\"]",
      "instances": [
        {
          "schema_version": 4,
          "attributes": {
            "access_tier": "Hot",
            "account_kind": "StorageV2",
            "account_replication_type": "GRS",
            "account_tier": "Standard",
            "allow_nested_items_to_be_public": true,
            "allowed_copy_scope": "",
            "azure_files_authentication": [],
            "blob_properties": [
              {
                "change_feed_enabled": false,
                "change_feed_retention_in_days": 0,
                "container_delete_retention_policy": [],
                "cors_rule": [],
                "default_service_version": "",
                "delete_retention_policy": [],
                "last_access_time_enabled": false,
                "restore_policy": [],
                "versioning_enabled": false
              }
            ],
            "cross_tenant_replication_enabled": true,
            "custom_domain": [],
            "customer_managed_key": [],
            "default_to_oauth_authentication": false,
            "edge_zone": "",
            "enable_https_traffic_only": true,
            "id": "/subscriptions/efc1e7b1-5729-4eea-b33e-12cc6b1c0183/resourceGroups/rg-backend-tfstate-lst/providers/Microsoft.Storage/storageAccounts/sabetfs6b6dz7v15y",
            "identity": [],
            "immutability_policy": [],
            "infrastructure_encryption_enabled": false,
            "is_hns_enabled": false,
            "large_file_share_enabled": null,
            "location": "westeurope",
            "min_tls_version": "TLS1_2",
            "name": "sabetfs6b6dz7v15y",
            "network_rules": [
              {
                "bypass": [
                  "AzureServices"
                ],
                "default_action": "Allow",
                "ip_rules": [],
                "private_link_access": [],
                "virtual_network_subnet_ids": []
              }
            ],
            "nfsv3_enabled": false,
            "primary_access_key": "mAOQUUvcIerfHRqv2a66IuRi67xd+Ax34QREiZyUbq2ZTuf44jAsCfCk/08/u59sw+WPPDf5gDhb+AStbJMWpA==",
            "primary_blob_connection_string": "DefaultEndpointsProtocol=https;BlobEndpoint=https://sabetfs6b6dz7v15y.blob.core.windows.net/;AccountName=sabetfs6b6dz7v15y;AccountKey=mAOQUUvcIerfHRqv2a66IuRi67xd+Ax34QREiZyUbq2ZTuf44jAsCfCk/08/u59sw+WPPDf5gDhb+AStbJMWpA==",
            "primary_blob_endpoint": "https://sabetfs6b6dz7v15y.blob.core.windows.net/",
            "primary_blob_host": "sabetfs6b6dz7v15y.blob.core.windows.net",
            "primary_connection_string": "DefaultEndpointsProtocol=https;AccountName=sabetfs6b6dz7v15y;AccountKey=mAOQUUvcIerfHRqv2a66IuRi67xd+Ax34QREiZyUbq2ZTuf44jAsCfCk/08/u59sw+WPPDf5gDhb+AStbJMWpA==;EndpointSuffix=core.windows.net",
            "primary_dfs_endpoint": "https://sabetfs6b6dz7v15y.dfs.core.windows.net/",
            "primary_dfs_host": "sabetfs6b6dz7v15y.dfs.core.windows.net",
            "primary_file_endpoint": "https://sabetfs6b6dz7v15y.file.core.windows.net/",
            "primary_file_host": "sabetfs6b6dz7v15y.file.core.windows.net",
            "primary_location": "westeurope",
            "primary_queue_endpoint": "https://sabetfs6b6dz7v15y.queue.core.windows.net/",
            "primary_queue_host": "sabetfs6b6dz7v15y.queue.core.windows.net",
            "primary_table_endpoint": "https://sabetfs6b6dz7v15y.table.core.windows.net/",
            "primary_table_host": "sabetfs6b6dz7v15y.table.core.windows.net",
            "primary_web_endpoint": "https://sabetfs6b6dz7v15y.z6.web.core.windows.net/",
            "primary_web_host": "sabetfs6b6dz7v15y.z6.web.core.windows.net",
            "public_network_access_enabled": true,
            "queue_encryption_key_type": "Service",
            "queue_properties": [
              {
                "cors_rule": [],
                "hour_metrics": [
                  {
                    "enabled": true,
                    "include_apis": true,
                    "retention_policy_days": 7,
                    "version": "1.0"
                  }
                ],
                "logging": [
                  {
                    "delete": false,
                    "read": false,
                    "retention_policy_days": 0,
                    "version": "1.0",
                    "write": false
                  }
                ],
                "minute_metrics": [
                  {
                    "enabled": false,
                    "include_apis": false,
                    "retention_policy_days": 0,
                    "version": "1.0"
                  }
                ]
              }
            ],
            "resource_group_name": "rg-backend-tfstate-lst",
            "routing": [],
            "sas_policy": [],
            "secondary_access_key": "BuOGl3O+fDwuQdV3UJHRjSh+Qm3MXDtCdu8X9JIOqfiQEc/Dp3wdoXYwmRRPK11TL3KEu/uhUdk8+AStt1FUCg==",
            "secondary_blob_connection_string": "",
            "secondary_blob_endpoint": null,
            "secondary_blob_host": null,
            "secondary_connection_string": "DefaultEndpointsProtocol=https;AccountName=sabetfs6b6dz7v15y;AccountKey=BuOGl3O+fDwuQdV3UJHRjSh+Qm3MXDtCdu8X9JIOqfiQEc/Dp3wdoXYwmRRPK11TL3KEu/uhUdk8+AStt1FUCg==;EndpointSuffix=core.windows.net",
            "secondary_dfs_endpoint": null,
            "secondary_dfs_host": null,
            "secondary_file_endpoint": null,
            "secondary_file_host": null,
            "secondary_location": "northeurope",
            "secondary_queue_endpoint": null,
            "secondary_queue_host": null,
            "secondary_table_endpoint": null,
            "secondary_table_host": null,
            "secondary_web_endpoint": null,
            "secondary_web_host": null,
            "sftp_enabled": false,
            "share_properties": [
              {
                "cors_rule": [],
                "retention_policy": [
                  {
                    "days": 7
                  }
                ],
                "smb": []
              }
            ],
            "shared_access_key_enabled": true,
            "static_website": [],
            "table_encryption_key_type": "Service",
            "tags": null,
            "timeouts": null
          },
          "sensitive_attributes": [],
          "private": "eyJlMmJmYjczMC1lY2FhLTExZTYtOGY4OC0zNDM2M2JjN2M0YzAiOnsiY3JlYXRlIjozNjAwMDAwMDAwMDAwLCJkZWxldGUiOjM2MDAwMDAwMDAwMDAsInJlYWQiOjMwMDAwMDAwMDAwMCwidXBkYXRlIjozNjAwMDAwMDAwMDAwfSwic2NoZW1hX3ZlcnNpb24iOiI0In0=",
          "dependencies": [
            "azurerm_resource_group.rg_backend",
            "random_string.random_string"
          ]
        }
      ]
    },
    {
      "mode": "managed",
      "type": "azurerm_storage_container",
      "name": "sc_backend",
      "provider": "provider[\"registry.terraform.io/hashicorp/azurerm\"]",
      "instances": [
        {
          "schema_version": 1,
          "attributes": {
            "container_access_type": "private",
            "has_immutability_policy": false,
            "has_legal_hold": false,
            "id": "https://sabetfs6b6dz7v15y.blob.core.windows.net/tfstate",
            "metadata": {},
            "name": "tfstate",
            "resource_manager_id": "/subscriptions/efc1e7b1-5729-4eea-b33e-12cc6b1c0183/resourceGroups/rg-backend-tfstate-lst/providers/Microsoft.Storage/storageAccounts/sabetfs6b6dz7v15y/blobServices/default/containers/tfstate",
            "storage_account_name": "sabetfs6b6dz7v15y",
            "timeouts": null
          },
          "sensitive_attributes": [],
          "private": "eyJlMmJmYjczMC1lY2FhLTExZTYtOGY4OC0zNDM2M2JjN2M0YzAiOnsiY3JlYXRlIjoxODAwMDAwMDAwMDAwLCJkZWxldGUiOjE4MDAwMDAwMDAwMDAsInJlYWQiOjMwMDAwMDAwMDAwMCwidXBkYXRlIjoxODAwMDAwMDAwMDAwfSwic2NoZW1hX3ZlcnNpb24iOiIxIn0=",
          "dependencies": [
            "azurerm_resource_group.rg_backend",
            "azurerm_storage_account.sa_backend",
            "random_string.random_string"
          ]
        }
      ]
    },
    {
      "mode": "managed",
      "type": "random_string",
      "name": "random_string",
      "provider": "provider[\"registry.terraform.io/hashicorp/random\"]",
      "instances": [
        {
          "schema_version": 2,
          "attributes": {
            "id": "6b6dz7v15y",
            "keepers": null,
            "length": 10,
            "lower": true,
            "min_lower": 0,
            "min_numeric": 0,
            "min_special": 0,
            "min_upper": 0,
            "number": true,
            "numeric": true,
            "override_special": null,
            "result": "6b6dz7v15y",
            "special": false,
            "upper": false
          },
          "sensitive_attributes": []
        }
      ]
    }
  ],
  "check_results": null
}
